// !$*UTF8*$!
{
	archiveVersion = 1;
	classes = {
	};
	objectVersion = 50;
	objects = {

/* Begin PBXBuildFile section */
		3826AE4523981B5600054DD7 /* AppDelegate.swift in Sources */ = {isa = PBXBuildFile; fileRef = 3826AE4423981B5600054DD7 /* AppDelegate.swift */; };
		3826AE4723981B5600054DD7 /* SceneDelegate.swift in Sources */ = {isa = PBXBuildFile; fileRef = 3826AE4623981B5600054DD7 /* SceneDelegate.swift */; };
		3826AE4C23981B5600054DD7 /* Main.storyboard in Resources */ = {isa = PBXBuildFile; fileRef = 3826AE4A23981B5600054DD7 /* Main.storyboard */; };
		3826AE4E23981B5700054DD7 /* Assets.xcassets in Resources */ = {isa = PBXBuildFile; fileRef = 3826AE4D23981B5700054DD7 /* Assets.xcassets */; };
		3826AE5123981B5700054DD7 /* LaunchScreen.storyboard in Resources */ = {isa = PBXBuildFile; fileRef = 3826AE4F23981B5700054DD7 /* LaunchScreen.storyboard */; };
		38FC8781239863EE008A401C /* Character.swift in Sources */ = {isa = PBXBuildFile; fileRef = 38FC8780239863EE008A401C /* Character.swift */; };
		38FC878323986406008A401C /* House.swift in Sources */ = {isa = PBXBuildFile; fileRef = 38FC878223986406008A401C /* House.swift */; };
		38FC87852398662C008A401C /* HouseController.swift in Sources */ = {isa = PBXBuildFile; fileRef = 38FC87842398662C008A401C /* HouseController.swift */; };
		38FC87872398666C008A401C /* HouseViewController.swift in Sources */ = {isa = PBXBuildFile; fileRef = 38FC87862398666C008A401C /* HouseViewController.swift */; };
		38FC878923986D91008A401C /* DispatchGroup.swift in Sources */ = {isa = PBXBuildFile; fileRef = 38FC878823986D91008A401C /* DispatchGroup.swift */; };
		38FC878B23987414008A401C /* RandomHouse.swift in Sources */ = {isa = PBXBuildFile; fileRef = 38FC878A23987414008A401C /* RandomHouse.swift */; };
/* End PBXBuildFile section */

/* Begin PBXFileReference section */
		3826AE4123981B5600054DD7 /* HarryPotter.app */ = {isa = PBXFileReference; explicitFileType = wrapper.application; includeInIndex = 0; path = HarryPotter.app; sourceTree = BUILT_PRODUCTS_DIR; };
		3826AE4423981B5600054DD7 /* AppDelegate.swift */ = {isa = PBXFileReference; lastKnownFileType = sourcecode.swift; path = AppDelegate.swift; sourceTree = "<group>"; };
		3826AE4623981B5600054DD7 /* SceneDelegate.swift */ = {isa = PBXFileReference; lastKnownFileType = sourcecode.swift; path = SceneDelegate.swift; sourceTree = "<group>"; };
		3826AE4B23981B5600054DD7 /* Base */ = {isa = PBXFileReference; lastKnownFileType = file.storyboard; name = Base; path = Base.lproj/Main.storyboard; sourceTree = "<group>"; };
		3826AE4D23981B5700054DD7 /* Assets.xcassets */ = {isa = PBXFileReference; lastKnownFileType = folder.assetcatalog; path = Assets.xcassets; sourceTree = "<group>"; };
		3826AE5023981B5700054DD7 /* Base */ = {isa = PBXFileReference; lastKnownFileType = file.storyboard; name = Base; path = Base.lproj/LaunchScreen.storyboard; sourceTree = "<group>"; };
		3826AE5223981B5700054DD7 /* Info.plist */ = {isa = PBXFileReference; lastKnownFileType = text.plist.xml; path = Info.plist; sourceTree = "<group>"; };
		38FC8780239863EE008A401C /* Character.swift */ = {isa = PBXFileReference; lastKnownFileType = sourcecode.swift; path = Character.swift; sourceTree = "<group>"; };
		38FC878223986406008A401C /* House.swift */ = {isa = PBXFileReference; lastKnownFileType = sourcecode.swift; path = House.swift; sourceTree = "<group>"; };
		38FC87842398662C008A401C /* HouseController.swift */ = {isa = PBXFileReference; lastKnownFileType = sourcecode.swift; path = HouseController.swift; sourceTree = "<group>"; };
		38FC87862398666C008A401C /* HouseViewController.swift */ = {isa = PBXFileReference; lastKnownFileType = sourcecode.swift; path = HouseViewController.swift; sourceTree = "<group>"; };
		38FC878823986D91008A401C /* DispatchGroup.swift */ = {isa = PBXFileReference; lastKnownFileType = sourcecode.swift; path = DispatchGroup.swift; sourceTree = "<group>"; };
		38FC878A23987414008A401C /* RandomHouse.swift */ = {isa = PBXFileReference; lastKnownFileType = sourcecode.swift; path = RandomHouse.swift; sourceTree = "<group>"; };
/* End PBXFileReference section */

/* Begin PBXFrameworksBuildPhase section */
		3826AE3E23981B5600054DD7 /* Frameworks */ = {
			isa = PBXFrameworksBuildPhase;
			buildActionMask = 2147483647;
			files = (
			);
			runOnlyForDeploymentPostprocessing = 0;
		};
/* End PBXFrameworksBuildPhase section */

/* Begin PBXGroup section */
		3826AE3823981B5600054DD7 = {
			isa = PBXGroup;
			children = (
				3826AE4323981B5600054DD7 /* HarryPotter */,
				3826AE4223981B5600054DD7 /* Products */,
			);
			sourceTree = "<group>";
		};
		3826AE4223981B5600054DD7 /* Products */ = {
			isa = PBXGroup;
			children = (
				3826AE4123981B5600054DD7 /* HarryPotter.app */,
			);
			name = Products;
			sourceTree = "<group>";
		};
		3826AE4323981B5600054DD7 /* HarryPotter */ = {
			isa = PBXGroup;
			children = (
				38FC877E23981D99008A401C /* Models */,
				38FC877D23981D8E008A401C /* Model Controllers */,
				38FC877C23981D7E008A401C /* View Controllers */,
				38FC877F23982046008A401C /* Helpers */,
				38FC877B23981D57008A401C /* Storyboards */,
				38FC877A23981D38008A401C /* Resources */,
			);
			path = HarryPotter;
			sourceTree = "<group>";
		};
		38FC877A23981D38008A401C /* Resources */ = {
			isa = PBXGroup;
			children = (
				3826AE4423981B5600054DD7 /* AppDelegate.swift */,
				3826AE4623981B5600054DD7 /* SceneDelegate.swift */,
				3826AE4D23981B5700054DD7 /* Assets.xcassets */,
				3826AE5223981B5700054DD7 /* Info.plist */,
			);
			path = Resources;
			sourceTree = "<group>";
		};
		38FC877B23981D57008A401C /* Storyboards */ = {
			isa = PBXGroup;
			children = (
				3826AE4A23981B5600054DD7 /* Main.storyboard */,
				3826AE4F23981B5700054DD7 /* LaunchScreen.storyboard */,
			);
			path = Storyboards;
			sourceTree = "<group>";
		};
		38FC877C23981D7E008A401C /* View Controllers */ = {
			isa = PBXGroup;
			children = (
				38FC87862398666C008A401C /* HouseViewController.swift */,
			);
			path = "View Controllers";
			sourceTree = "<group>";
		};
		38FC877D23981D8E008A401C /* Model Controllers */ = {
			isa = PBXGroup;
			children = (
				38FC87842398662C008A401C /* HouseController.swift */,
			);
			path = "Model Controllers";
			sourceTree = "<group>";
		};
		38FC877E23981D99008A401C /* Models */ = {
			isa = PBXGroup;
			children = (
				38FC8780239863EE008A401C /* Character.swift */,
				38FC878223986406008A401C /* House.swift */,
				38FC878A23987414008A401C /* RandomHouse.swift */,
			);
			path = Models;
			sourceTree = "<group>";
		};
		38FC877F23982046008A401C /* Helpers */ = {
			isa = PBXGroup;
			children = (
				38FC878823986D91008A401C /* DispatchGroup.swift */,
			);
			path = Helpers;
			sourceTree = "<group>";
		};
/* End PBXGroup section */

/* Begin PBXNativeTarget section */
		3826AE4023981B5600054DD7 /* HarryPotter */ = {
			isa = PBXNativeTarget;
			buildConfigurationList = 3826AE5523981B5700054DD7 /* Build configuration list for PBXNativeTarget "HarryPotter" */;
			buildPhases = (
				3826AE3D23981B5600054DD7 /* Sources */,
				3826AE3E23981B5600054DD7 /* Frameworks */,
				3826AE3F23981B5600054DD7 /* Resources */,
			);
			buildRules = (
			);
			dependencies = (
			);
			name = HarryPotter;
			productName = HarryPotter;
			productReference = 3826AE4123981B5600054DD7 /* HarryPotter.app */;
			productType = "com.apple.product-type.application";
		};
/* End PBXNativeTarget section */

/* Begin PBXProject section */
		3826AE3923981B5600054DD7 /* Project object */ = {
			isa = PBXProject;
			attributes = {
				LastSwiftUpdateCheck = 1110;
				LastUpgradeCheck = 1110;
				ORGANIZATIONNAME = "Alex Rhodes";
				TargetAttributes = {
					3826AE4023981B5600054DD7 = {
						CreatedOnToolsVersion = 11.1;
					};
				};
			};
			buildConfigurationList = 3826AE3C23981B5600054DD7 /* Build configuration list for PBXProject "HarryPotter" */;
			compatibilityVersion = "Xcode 9.3";
			developmentRegion = en;
			hasScannedForEncodings = 0;
			knownRegions = (
				en,
				Base,
			);
			mainGroup = 3826AE3823981B5600054DD7;
			productRefGroup = 3826AE4223981B5600054DD7 /* Products */;
			projectDirPath = "";
			projectRoot = "";
			targets = (
				3826AE4023981B5600054DD7 /* HarryPotter */,
			);
		};
/* End PBXProject section */

/* Begin PBXResourcesBuildPhase section */
		3826AE3F23981B5600054DD7 /* Resources */ = {
			isa = PBXResourcesBuildPhase;
			buildActionMask = 2147483647;
			files = (
				3826AE5123981B5700054DD7 /* LaunchScreen.storyboard in Resources */,
				3826AE4E23981B5700054DD7 /* Assets.xcassets in Resources */,
				3826AE4C23981B5600054DD7 /* Main.storyboard in Resources */,
			);
			runOnlyForDeploymentPostprocessing = 0;
		};
/* End PBXResourcesBuildPhase section */

/* Begin PBXSourcesBuildPhase section */
		3826AE3D23981B5600054DD7 /* Sources */ = {
			isa = PBXSourcesBuildPhase;
			buildActionMask = 2147483647;
			files = (
				3826AE4523981B5600054DD7 /* AppDelegate.swift in Sources */,
				38FC878B23987414008A401C /* RandomHouse.swift in Sources */,
				38FC87872398666C008A401C /* HouseViewController.swift in Sources */,
				38FC8781239863EE008A401C /* Character.swift in Sources */,
				38FC878923986D91008A401C /* DispatchGroup.swift in Sources */,
				38FC878323986406008A401C /* House.swift in Sources */,
				38FC87852398662C008A401C /* HouseController.swift in Sources */,
				3826AE4723981B5600054DD7 /* SceneDelegate.swift in Sources */,
			);
			runOnlyForDeploymentPostprocessing = 0;
		};
/* End PBXSourcesBuildPhase section */

/* Begin PBXVariantGroup section */
		3826AE4A23981B5600054DD7 /* Main.storyboard */ = {
			isa = PBXVariantGroup;
			children = (
				3826AE4B23981B5600054DD7 /* Base */,
			);
			name = Main.storyboard;
			sourceTree = "<group>";
		};
		3826AE4F23981B5700054DD7 /* LaunchScreen.storyboard */ = {
			isa = PBXVariantGroup;
			children = (
				3826AE5023981B5700054DD7 /* Base */,
			);
			name = LaunchScreen.storyboard;
			sourceTree = "<group>";
		};
/* End PBXVariantGroup section */

/* Begin XCBuildConfiguration section */
		3826AE5323981B5700054DD7 /* Debug */ = {
			isa = XCBuildConfiguration;
			buildSettings = {
				ALWAYS_SEARCH_USER_PATHS = NO;
				CLANG_ANALYZER_NONNULL = YES;
				CLANG_ANALYZER_NUMBER_OBJECT_CONVERSION = YES_AGGRESSIVE;
				CLANG_CXX_LANGUAGE_STANDARD = "gnu++14";
				CLANG_CXX_LIBRARY = "libc++";
				CLANG_ENABLE_MODULES = YES;
				CLANG_ENABLE_OBJC_ARC = YES;
				CLANG_ENABLE_OBJC_WEAK = YES;
				CLANG_WARN_BLOCK_CAPTURE_AUTORELEASING = YES;
				CLANG_WARN_BOOL_CONVERSION = YES;
				CLANG_WARN_COMMA = YES;
				CLANG_WARN_CONSTANT_CONVERSION = YES;
				CLANG_WARN_DEPRECATED_OBJC_IMPLEMENTATIONS = YES;
				CLANG_WARN_DIRECT_OBJC_ISA_USAGE = YES_ERROR;
				CLANG_WARN_DOCUMENTATION_COMMENTS = YES;
				CLANG_WARN_EMPTY_BODY = YES;
				CLANG_WARN_ENUM_CONVERSION = YES;
				CLANG_WARN_INFINITE_RECURSION = YES;
				CLANG_WARN_INT_CONVERSION = YES;
				CLANG_WARN_NON_LITERAL_NULL_CONVERSION = YES;
				CLANG_WARN_OBJC_IMPLICIT_RETAIN_SELF = YES;
				CLANG_WARN_OBJC_LITERAL_CONVERSION = YES;
				CLANG_WARN_OBJC_ROOT_CLASS = YES_ERROR;
				CLANG_WARN_RANGE_LOOP_ANALYSIS = YES;
				CLANG_WARN_STRICT_PROTOTYPES = YES;
				CLANG_WARN_SUSPICIOUS_MOVE = YES;
				CLANG_WARN_UNGUARDED_AVAILABILITY = YES_AGGRESSIVE;
				CLANG_WARN_UNREACHABLE_CODE = YES;
				CLANG_WARN__DUPLICATE_METHOD_MATCH = YES;
				COPY_PHASE_STRIP = NO;
				DEBUG_INFORMATION_FORMAT = dwarf;
				ENABLE_STRICT_OBJC_MSGSEND = YES;
				ENABLE_TESTABILITY = YES;
				GCC_C_LANGUAGE_STANDARD = gnu11;
				GCC_DYNAMIC_NO_PIC = NO;
				GCC_NO_COMMON_BLOCKS = YES;
				GCC_OPTIMIZATION_LEVEL = 0;
				GCC_PREPROCESSOR_DEFINITIONS = (
					"DEBUG=1",
					"$(inherited)",
				);
				GCC_WARN_64_TO_32_BIT_CONVERSION = YES;
				GCC_WARN_ABOUT_RETURN_TYPE = YES_ERROR;
				GCC_WARN_UNDECLARED_SELECTOR = YES;
				GCC_WARN_UNINITIALIZED_AUTOS = YES_AGGRESSIVE;
				GCC_WARN_UNUSED_FUNCTION = YES;
				GCC_WARN_UNUSED_VARIABLE = YES;
				IPHONEOS_DEPLOYMENT_TARGET = 13.1;
				MTL_ENABLE_DEBUG_INFO = INCLUDE_SOURCE;
				MTL_FAST_MATH = YES;
				ONLY_ACTIVE_ARCH = YES;
				SDKROOT = iphoneos;
				SWIFT_ACTIVE_COMPILATION_CONDITIONS = DEBUG;
				SWIFT_OPTIMIZATION_LEVEL = "-Onone";
			};
			name = Debug;
		};
		3826AE5423981B5700054DD7 /* Release */ = {
			isa = XCBuildConfiguration;
			buildSettings = {
				ALWAYS_SEARCH_USER_PATHS = NO;
				CLANG_ANALYZER_NONNULL = YES;
				CLANG_ANALYZER_NUMBER_OBJECT_CONVERSION = YES_AGGRESSIVE;
				CLANG_CXX_LANGUAGE_STANDARD = "gnu++14";
				CLANG_CXX_LIBRARY = "libc++";
				CLANG_ENABLE_MODULES = YES;
				CLANG_ENABLE_OBJC_ARC = YES;
				CLANG_ENABLE_OBJC_WEAK = YES;
				CLANG_WARN_BLOCK_CAPTURE_AUTORELEASING = YES;
				CLANG_WARN_BOOL_CONVERSION = YES;
				CLANG_WARN_COMMA = YES;
				CLANG_WARN_CONSTANT_CONVERSION = YES;
				CLANG_WARN_DEPRECATED_OBJC_IMPLEMENTATIONS = YES;
				CLANG_WARN_DIRECT_OBJC_ISA_USAGE = YES_ERROR;
				CLANG_WARN_DOCUMENTATION_COMMENTS = YES;
				CLANG_WARN_EMPTY_BODY = YES;
				CLANG_WARN_ENUM_CONVERSION = YES;
				CLANG_WARN_INFINITE_RECURSION = YES;
				CLANG_WARN_INT_CONVERSION = YES;
				CLANG_WARN_NON_LITERAL_NULL_CONVERSION = YES;
				CLANG_WARN_OBJC_IMPLICIT_RETAIN_SELF = YES;
				CLANG_WARN_OBJC_LITERAL_CONVERSION = YES;
				CLANG_WARN_OBJC_ROOT_CLASS = YES_ERROR;
				CLANG_WARN_RANGE_LOOP_ANALYSIS = YES;
				CLANG_WARN_STRICT_PROTOTYPES = YES;
				CLANG_WARN_SUSPICIOUS_MOVE = YES;
				CLANG_WARN_UNGUARDED_AVAILABILITY = YES_AGGRESSIVE;
				CLANG_WARN_UNREACHABLE_CODE = YES;
				CLANG_WARN__DUPLICATE_METHOD_MATCH = YES;
				COPY_PHASE_STRIP = NO;
				DEBUG_INFORMATION_FORMAT = "dwarf-with-dsym";
				ENABLE_NS_ASSERTIONS = NO;
				ENABLE_STRICT_OBJC_MSGSEND = YES;
				GCC_C_LANGUAGE_STANDARD = gnu11;
				GCC_NO_COMMON_BLOCKS = YES;
				GCC_WARN_64_TO_32_BIT_CONVERSION = YES;
				GCC_WARN_ABOUT_RETURN_TYPE = YES_ERROR;
				GCC_WARN_UNDECLARED_SELECTOR = YES;
				GCC_WARN_UNINITIALIZED_AUTOS = YES_AGGRESSIVE;
				GCC_WARN_UNUSED_FUNCTION = YES;
				GCC_WARN_UNUSED_VARIABLE = YES;
				IPHONEOS_DEPLOYMENT_TARGET = 13.1;
				MTL_ENABLE_DEBUG_INFO = NO;
				MTL_FAST_MATH = YES;
				SDKROOT = iphoneos;
				SWIFT_COMPILATION_MODE = wholemodule;
				SWIFT_OPTIMIZATION_LEVEL = "-O";
				VALIDATE_PRODUCT = YES;
			};
			name = Release;
		};
		3826AE5623981B5700054DD7 /* Debug */ = {
			isa = XCBuildConfiguration;
			buildSettings = {
				ASSETCATALOG_COMPILER_APPICON_NAME = AppIcon;
				CODE_SIGN_STYLE = Automatic;
				DEVELOPMENT_TEAM = RCQFNX9QQ7;
				INFOPLIST_FILE = HarryPotter/Resources/Info.plist;
				LD_RUNPATH_SEARCH_PATHS = (
					"$(inherited)",
					"@executable_path/Frameworks",
				);
				PRODUCT_BUNDLE_IDENTIFIER = com.alexrhodes.HarryPotter;
				PRODUCT_NAME = "$(TARGET_NAME)";
				SWIFT_VERSION = 5.0;
				TARGETED_DEVICE_FAMILY = "1,2";
			};
			name = Debug;
		};
		3826AE5723981B5700054DD7 /* Release */ = {
			isa = XCBuildConfiguration;
			buildSettings = {
				ASSETCATALOG_COMPILER_APPICON_NAME = AppIcon;
				CODE_SIGN_STYLE = Automatic;
				DEVELOPMENT_TEAM = RCQFNX9QQ7;
				INFOPLIST_FILE = HarryPotter/Resources/Info.plist;
				LD_RUNPATH_SEARCH_PATHS = (
					"$(inherited)",
					"@executable_path/Frameworks",
				);
				PRODUCT_BUNDLE_IDENTIFIER = com.alexrhodes.HarryPotter;
				PRODUCT_NAME = "$(TARGET_NAME)";
				SWIFT_VERSION = 5.0;
				TARGETED_DEVICE_FAMILY = "1,2";
			};
			name = Release;
		};
/* End XCBuildConfiguration section */

/* Begin XCConfigurationList section */
		3826AE3C23981B5600054DD7 /* Build configuration list for PBXProject "HarryPotter" */ = {
			isa = XCConfigurationList;
			buildConfigurations = (
				3826AE5323981B5700054DD7 /* Debug */,
				3826AE5423981B5700054DD7 /* Release */,
			);
			defaultConfigurationIsVisible = 0;
			defaultConfigurationName = Release;
		};
		3826AE5523981B5700054DD7 /* Build configuration list for PBXNativeTarget "HarryPotter" */ = {
			isa = XCConfigurationList;
			buildConfigurations = (
				3826AE5623981B5700054DD7 /* Debug */,
				3826AE5723981B5700054DD7 /* Release */,
			);
			defaultConfigurationIsVisible = 0;
			defaultConfigurationName = Release;
		};
/* End XCConfigurationList section */
	};
	rootObject = 3826AE3923981B5600054DD7 /* Project object */;
}
